
Microsoft Visual Studio Solution File, Format Version 12.00
# Visual Studio Version 17
VisualStudioVersion = 17.0.31919.166
MinimumVisualStudioVersion = 10.0.40219.1
Project("{FAE04EC0-301F-11D3-BF4B-00C04F79EFBC}") = "XGame.Domain", "XGame.Domain\XGame.Domain.csproj", "{693A9E6A-B671-4A00-BEDD-40E2B92CC368}"
EndProject
Project("{FAE04EC0-301F-11D3-BF4B-00C04F79EFBC}") = "XGame.AppConsole", "XGame.AppConsole\XGame.AppConsole.csproj", "{3FDF4692-BE5D-4A80-9B49-D4294918C4EB}"
EndProject
Project("{FAE04EC0-301F-11D3-BF4B-00C04F79EFBC}") = "XGame.Infra", "XGame.Infra\XGame.Infra.csproj", "{EEF6439D-91EC-44C2-8C69-F32920267998}"
EndProject
Global
	GlobalSection(SolutionConfigurationPlatforms) = preSolution
		Debug|Any CPU = Debug|Any CPU
		Release|Any CPU = Release|Any CPU
	EndGlobalSection
	GlobalSection(ProjectConfigurationPlatforms) = postSolution
		{693A9E6A-B671-4A00-BEDD-40E2B92CC368}.Debug|Any CPU.ActiveCfg = Debug|Any CPU
		{693A9E6A-B671-4A00-BEDD-40E2B92CC368}.Debug|Any CPU.Build.0 = Debug|Any CPU
		{693A9E6A-B671-4A00-BEDD-40E2B92CC368}.Release|Any CPU.ActiveCfg = Release|Any CPU
		{693A9E6A-B671-4A00-BEDD-40E2B92CC368}.Release|Any CPU.Build.0 = Release|Any CPU
		{3FDF4692-BE5D-4A80-9B49-D4294918C4EB}.Debug|Any CPU.ActiveCfg = Debug|Any CPU
		{3FDF4692-BE5D-4A80-9B49-D4294918C4EB}.Debug|Any CPU.Build.0 = Debug|Any CPU
		{3FDF4692-BE5D-4A80-9B49-D4294918C4EB}.Release|Any CPU.ActiveCfg = Release|Any CPU
		{3FDF4692-BE5D-4A80-9B49-D4294918C4EB}.Release|Any CPU.Build.0 = Release|Any CPU
		{EEF6439D-91EC-44C2-8C69-F32920267998}.Debug|Any CPU.ActiveCfg = Debug|Any CPU
		{EEF6439D-91EC-44C2-8C69-F32920267998}.Debug|Any CPU.Build.0 = Debug|Any CPU
		{EEF6439D-91EC-44C2-8C69-F32920267998}.Release|Any CPU.ActiveCfg = Release|Any CPU
		{EEF6439D-91EC-44C2-8C69-F32920267998}.Release|Any CPU.Build.0 = Release|Any CPU
	EndGlobalSection
	GlobalSection(SolutionProperties) = preSolution
		HideSolutionNode = FALSE
	EndGlobalSection
	GlobalSection(ExtensibilityGlobals) = postSolution
		SolutionGuid = {2BFA932B-80DF-4A50-8620-DC49AFA5F6DE}
	EndGlobalSection
EndGlobal
